
Microsoft Visual Studio Solution File, Format Version 12.00
# Visual Studio Version 16
VisualStudioVersion = 16.0.30104.148
MinimumVisualStudioVersion = 10.0.40219.1
Project("{FAE04EC0-301F-11D3-BF4B-00C04F79EFBC}") = "AppAcoes.Android", "AppAcoes\AppAcoes.Android\AppAcoes.Android.csproj", "{FC2DE964-A9FD-4ED0-A0F3-500923FCBC2E}"
EndProject
Project("{FAE04EC0-301F-11D3-BF4B-00C04F79EFBC}") = "AppAcoes.iOS", "AppAcoes\AppAcoes.iOS\AppAcoes.iOS.csproj", "{874B99BE-3024-4465-A9B5-2C5F457820A6}"
EndProject
Project("{FAE04EC0-301F-11D3-BF4B-00C04F79EFBC}") = "AppAcoes", "AppAcoes\AppAcoes\AppAcoes.csproj", "{70F4E10E-4822-4DB7-B94D-E98218CB946A}"
EndProject
Global
	GlobalSection(SolutionConfigurationPlatforms) = preSolution
		Debug|Any CPU = Debug|Any CPU
		Debug|iPhone = Debug|iPhone
		Debug|iPhoneSimulator = Debug|iPhoneSimulator
		Release|Any CPU = Release|Any CPU
		Release|iPhone = Release|iPhone
		Release|iPhoneSimulator = Release|iPhoneSimulator
	EndGlobalSection
	GlobalSection(ProjectConfigurationPlatforms) = postSolution
		{FC2DE964-A9FD-4ED0-A0F3-500923FCBC2E}.Debug|Any CPU.ActiveCfg = Debug|Any CPU
		{FC2DE964-A9FD-4ED0-A0F3-500923FCBC2E}.Debug|Any CPU.Build.0 = Debug|Any CPU
		{FC2DE964-A9FD-4ED0-A0F3-500923FCBC2E}.Debug|Any CPU.Deploy.0 = Debug|Any CPU
		{FC2DE964-A9FD-4ED0-A0F3-500923FCBC2E}.Debug|iPhone.ActiveCfg = Debug|Any CPU
		{FC2DE964-A9FD-4ED0-A0F3-500923FCBC2E}.Debug|iPhone.Build.0 = Debug|Any CPU
		{FC2DE964-A9FD-4ED0-A0F3-500923FCBC2E}.Debug|iPhone.Deploy.0 = Debug|Any CPU
		{FC2DE964-A9FD-4ED0-A0F3-500923FCBC2E}.Debug|iPhoneSimulator.ActiveCfg = Debug|Any CPU
		{FC2DE964-A9FD-4ED0-A0F3-500923FCBC2E}.Debug|iPhoneSimulator.Build.0 = Debug|Any CPU
		{FC2DE964-A9FD-4ED0-A0F3-500923FCBC2E}.Debug|iPhoneSimulator.Deploy.0 = Debug|Any CPU
		{FC2DE964-A9FD-4ED0-A0F3-500923FCBC2E}.Release|Any CPU.ActiveCfg = Release|Any CPU
		{FC2DE964-A9FD-4ED0-A0F3-500923FCBC2E}.Release|Any CPU.Build.0 = Release|Any CPU
		{FC2DE964-A9FD-4ED0-A0F3-500923FCBC2E}.Release|Any CPU.Deploy.0 = Release|Any CPU
		{FC2DE964-A9FD-4ED0-A0F3-500923FCBC2E}.Release|iPhone.ActiveCfg = Release|Any CPU
		{FC2DE964-A9FD-4ED0-A0F3-500923FCBC2E}.Release|iPhone.Build.0 = Release|Any CPU
		{FC2DE964-A9FD-4ED0-A0F3-500923FCBC2E}.Release|iPhone.Deploy.0 = Release|Any CPU
		{FC2DE964-A9FD-4ED0-A0F3-500923FCBC2E}.Release|iPhoneSimulator.ActiveCfg = Release|Any CPU
		{FC2DE964-A9FD-4ED0-A0F3-500923FCBC2E}.Release|iPhoneSimulator.Build.0 = Release|Any CPU
		{FC2DE964-A9FD-4ED0-A0F3-500923FCBC2E}.Release|iPhoneSimulator.Deploy.0 = Release|Any CPU
		{874B99BE-3024-4465-A9B5-2C5F457820A6}.Debug|Any CPU.ActiveCfg = Debug|iPhone
		{874B99BE-3024-4465-A9B5-2C5F457820A6}.Debug|Any CPU.Build.0 = Debug|iPhone
		{874B99BE-3024-4465-A9B5-2C5F457820A6}.Debug|Any CPU.Deploy.0 = Debug|iPhone
		{874B99BE-3024-4465-A9B5-2C5F457820A6}.Debug|iPhone.ActiveCfg = Debug|iPhone
		{874B99BE-3024-4465-A9B5-2C5F457820A6}.Debug|iPhone.Build.0 = Debug|iPhone
		{874B99BE-3024-4465-A9B5-2C5F457820A6}.Debug|iPhone.Deploy.0 = Debug|iPhone
		{874B99BE-3024-4465-A9B5-2C5F457820A6}.Debug|iPhoneSimulator.ActiveCfg = Debug|iPhoneSimulator
		{874B99BE-3024-4465-A9B5-2C5F457820A6}.Debug|iPhoneSimulator.Build.0 = Debug|iPhoneSimulator
		{874B99BE-3024-4465-A9B5-2C5F457820A6}.Debug|iPhoneSimulator.Deploy.0 = Debug|iPhoneSimulator
		{874B99BE-3024-4465-A9B5-2C5F457820A6}.Release|Any CPU.ActiveCfg = Release|iPhone
		{874B99BE-3024-4465-A9B5-2C5F457820A6}.Release|Any CPU.Build.0 = Release|iPhone
		{874B99BE-3024-4465-A9B5-2C5F457820A6}.Release|Any CPU.Deploy.0 = Release|iPhone
		{874B99BE-3024-4465-A9B5-2C5F457820A6}.Release|iPhone.ActiveCfg = Release|iPhone
		{874B99BE-3024-4465-A9B5-2C5F457820A6}.Release|iPhone.Build.0 = Release|iPhone
		{874B99BE-3024-4465-A9B5-2C5F457820A6}.Release|iPhone.Deploy.0 = Release|iPhone
		{874B99BE-3024-4465-A9B5-2C5F457820A6}.Release|iPhoneSimulator.ActiveCfg = Release|iPhoneSimulator
		{874B99BE-3024-4465-A9B5-2C5F457820A6}.Release|iPhoneSimulator.Build.0 = Release|iPhoneSimulator
		{874B99BE-3024-4465-A9B5-2C5F457820A6}.Release|iPhoneSimulator.Deploy.0 = Release|iPhoneSimulator
		{70F4E10E-4822-4DB7-B94D-E98218CB946A}.Debug|Any CPU.ActiveCfg = Debug|Any CPU
		{70F4E10E-4822-4DB7-B94D-E98218CB946A}.Debug|Any CPU.Build.0 = Debug|Any CPU
		{70F4E10E-4822-4DB7-B94D-E98218CB946A}.Debug|Any CPU.Deploy.0 = Debug|Any CPU
		{70F4E10E-4822-4DB7-B94D-E98218CB946A}.Debug|iPhone.ActiveCfg = Debug|Any CPU
		{70F4E10E-4822-4DB7-B94D-E98218CB946A}.Debug|iPhone.Build.0 = Debug|Any CPU
		{70F4E10E-4822-4DB7-B94D-E98218CB946A}.Debug|iPhone.Deploy.0 = Debug|Any CPU
		{70F4E10E-4822-4DB7-B94D-E98218CB946A}.Debug|iPhoneSimulator.ActiveCfg = Debug|Any CPU
		{70F4E10E-4822-4DB7-B94D-E98218CB946A}.Debug|iPhoneSimulator.Build.0 = Debug|Any CPU
		{70F4E10E-4822-4DB7-B94D-E98218CB946A}.Debug|iPhoneSimulator.Deploy.0 = Debug|Any CPU
		{70F4E10E-4822-4DB7-B94D-E98218CB946A}.Release|Any CPU.ActiveCfg = Release|Any CPU
		{70F4E10E-4822-4DB7-B94D-E98218CB946A}.Release|Any CPU.Build.0 = Release|Any CPU
		{70F4E10E-4822-4DB7-B94D-E98218CB946A}.Release|Any CPU.Deploy.0 = Release|Any CPU
		{70F4E10E-4822-4DB7-B94D-E98218CB946A}.Release|iPhone.ActiveCfg = Release|Any CPU
		{70F4E10E-4822-4DB7-B94D-E98218CB946A}.Release|iPhone.Build.0 = Release|Any CPU
		{70F4E10E-4822-4DB7-B94D-E98218CB946A}.Release|iPhone.Deploy.0 = Release|Any CPU
		{70F4E10E-4822-4DB7-B94D-E98218CB946A}.Release|iPhoneSimulator.ActiveCfg = Release|Any CPU
		{70F4E10E-4822-4DB7-B94D-E98218CB946A}.Release|iPhoneSimulator.Build.0 = Release|Any CPU
		{70F4E10E-4822-4DB7-B94D-E98218CB946A}.Release|iPhoneSimulator.Deploy.0 = Release|Any CPU
	EndGlobalSection
	GlobalSection(SolutionProperties) = preSolution
		HideSolutionNode = FALSE
	EndGlobalSection
	GlobalSection(ExtensibilityGlobals) = postSolution
		SolutionGuid = {889FCF83-881C-4483-9200-62EB6FAD939F}
	EndGlobalSection
EndGlobal
