
Microsoft Visual Studio Solution File, Format Version 12.00
# Visual Studio Version 16
VisualStudioVersion = 16.0.30011.22
MinimumVisualStudioVersion = 10.0.40219.1
Project("{FAE04EC0-301F-11D3-BF4B-00C04F79EFBC}") = "AppXamarin.UWP", "AppXamarin\AppXamarin.UWP\AppXamarin.UWP.csproj", "{5812DB33-9706-426F-9206-AF67D2ED8F1B}"
EndProject
Project("{FAE04EC0-301F-11D3-BF4B-00C04F79EFBC}") = "AppXamarin.Android", "AppXamarin\AppXamarin.Android\AppXamarin.Android.csproj", "{64FC9586-BD6D-4725-A317-09B7514F7F65}"
EndProject
Project("{FAE04EC0-301F-11D3-BF4B-00C04F79EFBC}") = "AppXamarin.iOS", "AppXamarin\AppXamarin.iOS\AppXamarin.iOS.csproj", "{6B1A1523-0F62-47D0-AA87-A0DC36B144AF}"
EndProject
Project("{FAE04EC0-301F-11D3-BF4B-00C04F79EFBC}") = "AppXamarin", "AppXamarin\AppXamarin\AppXamarin.csproj", "{D117D6EF-1D55-4E5F-B88F-55C859B22521}"
EndProject
Global
	GlobalSection(SolutionConfigurationPlatforms) = preSolution
		Debug|Any CPU = Debug|Any CPU
		Debug|ARM = Debug|ARM
		Debug|iPhone = Debug|iPhone
		Debug|iPhoneSimulator = Debug|iPhoneSimulator
		Debug|x64 = Debug|x64
		Debug|x86 = Debug|x86
		Release|Any CPU = Release|Any CPU
		Release|ARM = Release|ARM
		Release|iPhone = Release|iPhone
		Release|iPhoneSimulator = Release|iPhoneSimulator
		Release|x64 = Release|x64
		Release|x86 = Release|x86
	EndGlobalSection
	GlobalSection(ProjectConfigurationPlatforms) = postSolution
		{5812DB33-9706-426F-9206-AF67D2ED8F1B}.Debug|Any CPU.ActiveCfg = Debug|x86
		{5812DB33-9706-426F-9206-AF67D2ED8F1B}.Debug|Any CPU.Build.0 = Debug|x86
		{5812DB33-9706-426F-9206-AF67D2ED8F1B}.Debug|Any CPU.Deploy.0 = Debug|x86
		{5812DB33-9706-426F-9206-AF67D2ED8F1B}.Debug|ARM.ActiveCfg = Debug|ARM
		{5812DB33-9706-426F-9206-AF67D2ED8F1B}.Debug|ARM.Build.0 = Debug|ARM
		{5812DB33-9706-426F-9206-AF67D2ED8F1B}.Debug|ARM.Deploy.0 = Debug|ARM
		{5812DB33-9706-426F-9206-AF67D2ED8F1B}.Debug|iPhone.ActiveCfg = Debug|x86
		{5812DB33-9706-426F-9206-AF67D2ED8F1B}.Debug|iPhone.Build.0 = Debug|x86
		{5812DB33-9706-426F-9206-AF67D2ED8F1B}.Debug|iPhone.Deploy.0 = Debug|x86
		{5812DB33-9706-426F-9206-AF67D2ED8F1B}.Debug|iPhoneSimulator.ActiveCfg = Debug|x86
		{5812DB33-9706-426F-9206-AF67D2ED8F1B}.Debug|iPhoneSimulator.Build.0 = Debug|x86
		{5812DB33-9706-426F-9206-AF67D2ED8F1B}.Debug|iPhoneSimulator.Deploy.0 = Debug|x86
		{5812DB33-9706-426F-9206-AF67D2ED8F1B}.Debug|x64.ActiveCfg = Debug|x64
		{5812DB33-9706-426F-9206-AF67D2ED8F1B}.Debug|x64.Build.0 = Debug|x64
		{5812DB33-9706-426F-9206-AF67D2ED8F1B}.Debug|x64.Deploy.0 = Debug|x64
		{5812DB33-9706-426F-9206-AF67D2ED8F1B}.Debug|x86.ActiveCfg = Debug|x86
		{5812DB33-9706-426F-9206-AF67D2ED8F1B}.Debug|x86.Build.0 = Debug|x86
		{5812DB33-9706-426F-9206-AF67D2ED8F1B}.Debug|x86.Deploy.0 = Debug|x86
		{5812DB33-9706-426F-9206-AF67D2ED8F1B}.Release|Any CPU.ActiveCfg = Release|x86
		{5812DB33-9706-426F-9206-AF67D2ED8F1B}.Release|Any CPU.Build.0 = Release|x86
		{5812DB33-9706-426F-9206-AF67D2ED8F1B}.Release|Any CPU.Deploy.0 = Release|x86
		{5812DB33-9706-426F-9206-AF67D2ED8F1B}.Release|ARM.ActiveCfg = Release|ARM
		{5812DB33-9706-426F-9206-AF67D2ED8F1B}.Release|ARM.Build.0 = Release|ARM
		{5812DB33-9706-426F-9206-AF67D2ED8F1B}.Release|ARM.Deploy.0 = Release|ARM
		{5812DB33-9706-426F-9206-AF67D2ED8F1B}.Release|iPhone.ActiveCfg = Release|x86
		{5812DB33-9706-426F-9206-AF67D2ED8F1B}.Release|iPhone.Build.0 = Release|x86
		{5812DB33-9706-426F-9206-AF67D2ED8F1B}.Release|iPhone.Deploy.0 = Release|x86
		{5812DB33-9706-426F-9206-AF67D2ED8F1B}.Release|iPhoneSimulator.ActiveCfg = Release|x86
		{5812DB33-9706-426F-9206-AF67D2ED8F1B}.Release|iPhoneSimulator.Build.0 = Release|x86
		{5812DB33-9706-426F-9206-AF67D2ED8F1B}.Release|iPhoneSimulator.Deploy.0 = Release|x86
		{5812DB33-9706-426F-9206-AF67D2ED8F1B}.Release|x64.ActiveCfg = Release|x64
		{5812DB33-9706-426F-9206-AF67D2ED8F1B}.Release|x64.Build.0 = Release|x64
		{5812DB33-9706-426F-9206-AF67D2ED8F1B}.Release|x64.Deploy.0 = Release|x64
		{5812DB33-9706-426F-9206-AF67D2ED8F1B}.Release|x86.ActiveCfg = Release|x86
		{5812DB33-9706-426F-9206-AF67D2ED8F1B}.Release|x86.Build.0 = Release|x86
		{5812DB33-9706-426F-9206-AF67D2ED8F1B}.Release|x86.Deploy.0 = Release|x86
		{64FC9586-BD6D-4725-A317-09B7514F7F65}.Debug|Any CPU.ActiveCfg = Debug|Any CPU
		{64FC9586-BD6D-4725-A317-09B7514F7F65}.Debug|Any CPU.Build.0 = Debug|Any CPU
		{64FC9586-BD6D-4725-A317-09B7514F7F65}.Debug|Any CPU.Deploy.0 = Debug|Any CPU
		{64FC9586-BD6D-4725-A317-09B7514F7F65}.Debug|ARM.ActiveCfg = Debug|Any CPU
		{64FC9586-BD6D-4725-A317-09B7514F7F65}.Debug|ARM.Build.0 = Debug|Any CPU
		{64FC9586-BD6D-4725-A317-09B7514F7F65}.Debug|ARM.Deploy.0 = Debug|Any CPU
		{64FC9586-BD6D-4725-A317-09B7514F7F65}.Debug|iPhone.ActiveCfg = Debug|Any CPU
		{64FC9586-BD6D-4725-A317-09B7514F7F65}.Debug|iPhone.Build.0 = Debug|Any CPU
		{64FC9586-BD6D-4725-A317-09B7514F7F65}.Debug|iPhone.Deploy.0 = Debug|Any CPU
		{64FC9586-BD6D-4725-A317-09B7514F7F65}.Debug|iPhoneSimulator.ActiveCfg = Debug|Any CPU
		{64FC9586-BD6D-4725-A317-09B7514F7F65}.Debug|iPhoneSimulator.Build.0 = Debug|Any CPU
		{64FC9586-BD6D-4725-A317-09B7514F7F65}.Debug|iPhoneSimulator.Deploy.0 = Debug|Any CPU
		{64FC9586-BD6D-4725-A317-09B7514F7F65}.Debug|x64.ActiveCfg = Debug|Any CPU
		{64FC9586-BD6D-4725-A317-09B7514F7F65}.Debug|x64.Build.0 = Debug|Any CPU
		{64FC9586-BD6D-4725-A317-09B7514F7F65}.Debug|x64.Deploy.0 = Debug|Any CPU
		{64FC9586-BD6D-4725-A317-09B7514F7F65}.Debug|x86.ActiveCfg = Debug|Any CPU
		{64FC9586-BD6D-4725-A317-09B7514F7F65}.Debug|x86.Build.0 = Debug|Any CPU
		{64FC9586-BD6D-4725-A317-09B7514F7F65}.Debug|x86.Deploy.0 = Debug|Any CPU
		{64FC9586-BD6D-4725-A317-09B7514F7F65}.Release|Any CPU.ActiveCfg = Release|Any CPU
		{64FC9586-BD6D-4725-A317-09B7514F7F65}.Release|Any CPU.Build.0 = Release|Any CPU
		{64FC9586-BD6D-4725-A317-09B7514F7F65}.Release|Any CPU.Deploy.0 = Release|Any CPU
		{64FC9586-BD6D-4725-A317-09B7514F7F65}.Release|ARM.ActiveCfg = Release|Any CPU
		{64FC9586-BD6D-4725-A317-09B7514F7F65}.Release|ARM.Build.0 = Release|Any CPU
		{64FC9586-BD6D-4725-A317-09B7514F7F65}.Release|ARM.Deploy.0 = Release|Any CPU
		{64FC9586-BD6D-4725-A317-09B7514F7F65}.Release|iPhone.ActiveCfg = Release|Any CPU
		{64FC9586-BD6D-4725-A317-09B7514F7F65}.Release|iPhone.Build.0 = Release|Any CPU
		{64FC9586-BD6D-4725-A317-09B7514F7F65}.Release|iPhone.Deploy.0 = Release|Any CPU
		{64FC9586-BD6D-4725-A317-09B7514F7F65}.Release|iPhoneSimulator.ActiveCfg = Release|Any CPU
		{64FC9586-BD6D-4725-A317-09B7514F7F65}.Release|iPhoneSimulator.Build.0 = Release|Any CPU
		{64FC9586-BD6D-4725-A317-09B7514F7F65}.Release|iPhoneSimulator.Deploy.0 = Release|Any CPU
		{64FC9586-BD6D-4725-A317-09B7514F7F65}.Release|x64.ActiveCfg = Release|Any CPU
		{64FC9586-BD6D-4725-A317-09B7514F7F65}.Release|x64.Build.0 = Release|Any CPU
		{64FC9586-BD6D-4725-A317-09B7514F7F65}.Release|x64.Deploy.0 = Release|Any CPU
		{64FC9586-BD6D-4725-A317-09B7514F7F65}.Release|x86.ActiveCfg = Release|Any CPU
		{64FC9586-BD6D-4725-A317-09B7514F7F65}.Release|x86.Build.0 = Release|Any CPU
		{64FC9586-BD6D-4725-A317-09B7514F7F65}.Release|x86.Deploy.0 = Release|Any CPU
		{6B1A1523-0F62-47D0-AA87-A0DC36B144AF}.Debug|Any CPU.ActiveCfg = Debug|iPhone
		{6B1A1523-0F62-47D0-AA87-A0DC36B144AF}.Debug|Any CPU.Build.0 = Debug|iPhone
		{6B1A1523-0F62-47D0-AA87-A0DC36B144AF}.Debug|Any CPU.Deploy.0 = Debug|iPhone
		{6B1A1523-0F62-47D0-AA87-A0DC36B144AF}.Debug|ARM.ActiveCfg = Debug|iPhone
		{6B1A1523-0F62-47D0-AA87-A0DC36B144AF}.Debug|ARM.Build.0 = Debug|iPhone
		{6B1A1523-0F62-47D0-AA87-A0DC36B144AF}.Debug|ARM.Deploy.0 = Debug|iPhone
		{6B1A1523-0F62-47D0-AA87-A0DC36B144AF}.Debug|iPhone.ActiveCfg = Debug|iPhone
		{6B1A1523-0F62-47D0-AA87-A0DC36B144AF}.Debug|iPhone.Build.0 = Debug|iPhone
		{6B1A1523-0F62-47D0-AA87-A0DC36B144AF}.Debug|iPhone.Deploy.0 = Debug|iPhone
		{6B1A1523-0F62-47D0-AA87-A0DC36B144AF}.Debug|iPhoneSimulator.ActiveCfg = Debug|iPhoneSimulator
		{6B1A1523-0F62-47D0-AA87-A0DC36B144AF}.Debug|iPhoneSimulator.Build.0 = Debug|iPhoneSimulator
		{6B1A1523-0F62-47D0-AA87-A0DC36B144AF}.Debug|iPhoneSimulator.Deploy.0 = Debug|iPhoneSimulator
		{6B1A1523-0F62-47D0-AA87-A0DC36B144AF}.Debug|x64.ActiveCfg = Debug|iPhone
		{6B1A1523-0F62-47D0-AA87-A0DC36B144AF}.Debug|x64.Build.0 = Debug|iPhone
		{6B1A1523-0F62-47D0-AA87-A0DC36B144AF}.Debug|x64.Deploy.0 = Debug|iPhone
		{6B1A1523-0F62-47D0-AA87-A0DC36B144AF}.Debug|x86.ActiveCfg = Debug|iPhone
		{6B1A1523-0F62-47D0-AA87-A0DC36B144AF}.Debug|x86.Build.0 = Debug|iPhone
		{6B1A1523-0F62-47D0-AA87-A0DC36B144AF}.Debug|x86.Deploy.0 = Debug|iPhone
		{6B1A1523-0F62-47D0-AA87-A0DC36B144AF}.Release|Any CPU.ActiveCfg = Release|iPhone
		{6B1A1523-0F62-47D0-AA87-A0DC36B144AF}.Release|Any CPU.Build.0 = Release|iPhone
		{6B1A1523-0F62-47D0-AA87-A0DC36B144AF}.Release|Any CPU.Deploy.0 = Release|iPhone
		{6B1A1523-0F62-47D0-AA87-A0DC36B144AF}.Release|ARM.ActiveCfg = Release|iPhone
		{6B1A1523-0F62-47D0-AA87-A0DC36B144AF}.Release|ARM.Build.0 = Release|iPhone
		{6B1A1523-0F62-47D0-AA87-A0DC36B144AF}.Release|ARM.Deploy.0 = Release|iPhone
		{6B1A1523-0F62-47D0-AA87-A0DC36B144AF}.Release|iPhone.ActiveCfg = Release|iPhone
		{6B1A1523-0F62-47D0-AA87-A0DC36B144AF}.Release|iPhone.Build.0 = Release|iPhone
		{6B1A1523-0F62-47D0-AA87-A0DC36B144AF}.Release|iPhone.Deploy.0 = Release|iPhone
		{6B1A1523-0F62-47D0-AA87-A0DC36B144AF}.Release|iPhoneSimulator.ActiveCfg = Release|iPhoneSimulator
		{6B1A1523-0F62-47D0-AA87-A0DC36B144AF}.Release|iPhoneSimulator.Build.0 = Release|iPhoneSimulator
		{6B1A1523-0F62-47D0-AA87-A0DC36B144AF}.Release|iPhoneSimulator.Deploy.0 = Release|iPhoneSimulator
		{6B1A1523-0F62-47D0-AA87-A0DC36B144AF}.Release|x64.ActiveCfg = Release|iPhone
		{6B1A1523-0F62-47D0-AA87-A0DC36B144AF}.Release|x64.Build.0 = Release|iPhone
		{6B1A1523-0F62-47D0-AA87-A0DC36B144AF}.Release|x64.Deploy.0 = Release|iPhone
		{6B1A1523-0F62-47D0-AA87-A0DC36B144AF}.Release|x86.ActiveCfg = Release|iPhone
		{6B1A1523-0F62-47D0-AA87-A0DC36B144AF}.Release|x86.Build.0 = Release|iPhone
		{6B1A1523-0F62-47D0-AA87-A0DC36B144AF}.Release|x86.Deploy.0 = Release|iPhone
		{D117D6EF-1D55-4E5F-B88F-55C859B22521}.Debug|Any CPU.ActiveCfg = Debug|Any CPU
		{D117D6EF-1D55-4E5F-B88F-55C859B22521}.Debug|Any CPU.Build.0 = Debug|Any CPU
		{D117D6EF-1D55-4E5F-B88F-55C859B22521}.Debug|Any CPU.Deploy.0 = Debug|Any CPU
		{D117D6EF-1D55-4E5F-B88F-55C859B22521}.Debug|ARM.ActiveCfg = Debug|Any CPU
		{D117D6EF-1D55-4E5F-B88F-55C859B22521}.Debug|ARM.Build.0 = Debug|Any CPU
		{D117D6EF-1D55-4E5F-B88F-55C859B22521}.Debug|ARM.Deploy.0 = Debug|Any CPU
		{D117D6EF-1D55-4E5F-B88F-55C859B22521}.Debug|iPhone.ActiveCfg = Debug|Any CPU
		{D117D6EF-1D55-4E5F-B88F-55C859B22521}.Debug|iPhone.Build.0 = Debug|Any CPU
		{D117D6EF-1D55-4E5F-B88F-55C859B22521}.Debug|iPhone.Deploy.0 = Debug|Any CPU
		{D117D6EF-1D55-4E5F-B88F-55C859B22521}.Debug|iPhoneSimulator.ActiveCfg = Debug|Any CPU
		{D117D6EF-1D55-4E5F-B88F-55C859B22521}.Debug|iPhoneSimulator.Build.0 = Debug|Any CPU
		{D117D6EF-1D55-4E5F-B88F-55C859B22521}.Debug|iPhoneSimulator.Deploy.0 = Debug|Any CPU
		{D117D6EF-1D55-4E5F-B88F-55C859B22521}.Debug|x64.ActiveCfg = Debug|Any CPU
		{D117D6EF-1D55-4E5F-B88F-55C859B22521}.Debug|x64.Build.0 = Debug|Any CPU
		{D117D6EF-1D55-4E5F-B88F-55C859B22521}.Debug|x64.Deploy.0 = Debug|Any CPU
		{D117D6EF-1D55-4E5F-B88F-55C859B22521}.Debug|x86.ActiveCfg = Debug|Any CPU
		{D117D6EF-1D55-4E5F-B88F-55C859B22521}.Debug|x86.Build.0 = Debug|Any CPU
		{D117D6EF-1D55-4E5F-B88F-55C859B22521}.Debug|x86.Deploy.0 = Debug|Any CPU
		{D117D6EF-1D55-4E5F-B88F-55C859B22521}.Release|Any CPU.ActiveCfg = Release|Any CPU
		{D117D6EF-1D55-4E5F-B88F-55C859B22521}.Release|Any CPU.Build.0 = Release|Any CPU
		{D117D6EF-1D55-4E5F-B88F-55C859B22521}.Release|Any CPU.Deploy.0 = Release|Any CPU
		{D117D6EF-1D55-4E5F-B88F-55C859B22521}.Release|ARM.ActiveCfg = Release|Any CPU
		{D117D6EF-1D55-4E5F-B88F-55C859B22521}.Release|ARM.Build.0 = Release|Any CPU
		{D117D6EF-1D55-4E5F-B88F-55C859B22521}.Release|ARM.Deploy.0 = Release|Any CPU
		{D117D6EF-1D55-4E5F-B88F-55C859B22521}.Release|iPhone.ActiveCfg = Release|Any CPU
		{D117D6EF-1D55-4E5F-B88F-55C859B22521}.Release|iPhone.Build.0 = Release|Any CPU
		{D117D6EF-1D55-4E5F-B88F-55C859B22521}.Release|iPhone.Deploy.0 = Release|Any CPU
		{D117D6EF-1D55-4E5F-B88F-55C859B22521}.Release|iPhoneSimulator.ActiveCfg = Release|Any CPU
		{D117D6EF-1D55-4E5F-B88F-55C859B22521}.Release|iPhoneSimulator.Build.0 = Release|Any CPU
		{D117D6EF-1D55-4E5F-B88F-55C859B22521}.Release|iPhoneSimulator.Deploy.0 = Release|Any CPU
		{D117D6EF-1D55-4E5F-B88F-55C859B22521}.Release|x64.ActiveCfg = Release|Any CPU
		{D117D6EF-1D55-4E5F-B88F-55C859B22521}.Release|x64.Build.0 = Release|Any CPU
		{D117D6EF-1D55-4E5F-B88F-55C859B22521}.Release|x64.Deploy.0 = Release|Any CPU
		{D117D6EF-1D55-4E5F-B88F-55C859B22521}.Release|x86.ActiveCfg = Release|Any CPU
		{D117D6EF-1D55-4E5F-B88F-55C859B22521}.Release|x86.Build.0 = Release|Any CPU
		{D117D6EF-1D55-4E5F-B88F-55C859B22521}.Release|x86.Deploy.0 = Release|Any CPU
	EndGlobalSection
	GlobalSection(SolutionProperties) = preSolution
		HideSolutionNode = FALSE
	EndGlobalSection
	GlobalSection(ExtensibilityGlobals) = postSolution
		SolutionGuid = {286775E8-ADB3-4015-A671-85B952474F5F}
	EndGlobalSection
EndGlobal
